
Microsoft Visual Studio Solution File, Format Version 12.00
# Visual Studio Version 17
VisualStudioVersion = 17.14.36221.1 d17.14
MinimumVisualStudioVersion = 10.0.40219.1
Project("{FAE04EC0-301F-11D3-BF4B-00C04F79EFBC}") = "CoolerVB2", "CoolerVB2.csproj", "{F990098A-F711-44DF-98AA-C27D0541BB10}"
EndProject
Global
	GlobalSection(SolutionConfigurationPlatforms) = preSolution
		Debug|Any CPU = Debug|Any CPU
		Release|Any CPU = Release|Any CPU
	EndGlobalSection
	GlobalSection(ProjectConfigurationPlatforms) = postSolution
		{F990098A-F711-44DF-98AA-C27D0541BB10}.Debug|Any CPU.ActiveCfg = Debug|Any CPU
		{F990098A-F711-44DF-98AA-C27D0541BB10}.Debug|Any CPU.Build.0 = Debug|Any CPU
		{F990098A-F711-44DF-98AA-C27D0541BB10}.Release|Any CPU.ActiveCfg = Release|Any CPU
		{F990098A-F711-44DF-98AA-C27D0541BB10}.Release|Any CPU.Build.0 = Release|Any CPU
	EndGlobalSection
	GlobalSection(SolutionProperties) = preSolution
		HideSolutionNode = FALSE
	EndGlobalSection
	GlobalSection(ExtensibilityGlobals) = postSolution
		SolutionGuid = {C13E0916-83A5-4CF8-B578-6BA063BC5EB7}
	EndGlobalSection
EndGlobal
